// !$*UTF8*$!
{
	archiveVersion = 1;
	classes = {};
	objectVersion = 56;
	objects = {

/* Begin PBXBuildFile section */
		A10000000000000000000001 /* AnimeIosApp.swift in Sources */ = {isa = PBXBuildFile; fileRef = B10000000000000000000001 /* AnimeIosApp.swift */; };
		A10000000000000000000002 /* ContentView.swift in Sources */ = {isa = PBXBuildFile; fileRef = B10000000000000000000002 /* ContentView.swift */; };
		A10000000000000000000012 /* Localization.swift in Sources */ = {isa = PBXBuildFile; fileRef = B10000000000000000000015 /* Localization.swift */; };
		A10000000000000000000013 /* NativeComponents.swift in Sources */ = {isa = PBXBuildFile; fileRef = B10000000000000000000016 /* NativeComponents.swift */; };
		A10000000000000000000014 /* NativeSnapshots.swift in Sources */ = {isa = PBXBuildFile; fileRef = B10000000000000000000017 /* NativeSnapshots.swift */; };
		A10000000000000000000015 /* NativeSnapshotExtensions.swift in Sources */ = {isa = PBXBuildFile; fileRef = B10000000000000000000018 /* NativeSnapshotExtensions.swift */; };
		A10000000000000000000016 /* NativeAppModel.swift in Sources */ = {isa = PBXBuildFile; fileRef = B10000000000000000000019 /* NativeAppModel.swift */; };
		A10000000000000000000017 /* NativeDiscoverViews.swift in Sources */ = {isa = PBXBuildFile; fileRef = B10000000000000000000020 /* NativeDiscoverViews.swift */; };
		A10000000000000000000018 /* NativeLibraryViews.swift in Sources */ = {isa = PBXBuildFile; fileRef = B10000000000000000000021 /* NativeLibraryViews.swift */; };
		A10000000000000000000019 /* NativeProfileViews.swift in Sources */ = {isa = PBXBuildFile; fileRef = B10000000000000000000022 /* NativeProfileViews.swift */; };
		A10000000000000000000020 /* NativeAdminViews.swift in Sources */ = {isa = PBXBuildFile; fileRef = B10000000000000000000023 /* NativeAdminViews.swift */; };
		A10000000000000000000021 /* NativeCalendarViews.swift in Sources */ = {isa = PBXBuildFile; fileRef = B10000000000000000000024 /* NativeCalendarViews.swift */; };
		A10000000000000000000022 /* NativeSubjectViews.swift in Sources */ = {isa = PBXBuildFile; fileRef = B10000000000000000000025 /* NativeSubjectViews.swift */; };
		A10000000000000000000023 /* NativeActivityViews.swift in Sources */ = {isa = PBXBuildFile; fileRef = B10000000000000000000026 /* NativeActivityViews.swift */; };
		A10000000000000000000024 /* NativeListViews.swift in Sources */ = {isa = PBXBuildFile; fileRef = B10000000000000000000027 /* NativeListViews.swift */; };
		A10000000000000000000025 /* NativeCommunityViews.swift in Sources */ = {isa = PBXBuildFile; fileRef = B10000000000000000000028 /* NativeCommunityViews.swift */; };
		A10000000000000000000026 /* NativeSettingsViews.swift in Sources */ = {isa = PBXBuildFile; fileRef = B10000000000000000000029 /* NativeSettingsViews.swift */; };
		A10000000000000000000003 /* Assets.xcassets in Resources */ = {isa = PBXBuildFile; fileRef = B10000000000000000000003 /* Assets.xcassets */; };
		A10000000000000000000004 /* PrivacyInfo.xcprivacy in Resources */ = {isa = PBXBuildFile; fileRef = B10000000000000000000006 /* PrivacyInfo.xcprivacy */; };
		A10000000000000000000007 /* Localizable.strings in Resources */ = {isa = PBXBuildFile; fileRef = B10000000000000000000010 /* Localizable.strings */; };
		A10000000000000000000008 /* Localizable.strings in Resources */ = {isa = PBXBuildFile; fileRef = B10000000000000000000011 /* Localizable.strings */; };
		A10000000000000000000009 /* Localizable.strings in Resources */ = {isa = PBXBuildFile; fileRef = B10000000000000000000012 /* Localizable.strings */; };
		A10000000000000000000010 /* Localizable.strings in Resources */ = {isa = PBXBuildFile; fileRef = B10000000000000000000013 /* Localizable.strings */; };
		A10000000000000000000011 /* Localizable.strings in Resources */ = {isa = PBXBuildFile; fileRef = B10000000000000000000014 /* Localizable.strings */; };
/* End PBXBuildFile section */

/* Begin PBXFileReference section */
		B10000000000000000000001 /* AnimeIosApp.swift */ = {isa = PBXFileReference; lastKnownFileType = sourcecode.swift; path = AnimeIosApp.swift; sourceTree = "<group>"; };
		B10000000000000000000002 /* ContentView.swift */ = {isa = PBXFileReference; lastKnownFileType = sourcecode.swift; path = ContentView.swift; sourceTree = "<group>"; };
		B10000000000000000000003 /* Assets.xcassets */ = {isa = PBXFileReference; lastKnownFileType = folder.assetcatalog; path = Assets.xcassets; sourceTree = "<group>"; };
		B10000000000000000000004 /* Info.plist */ = {isa = PBXFileReference; lastKnownFileType = text.plist.xml; path = Info.plist; sourceTree = "<group>"; };
		B10000000000000000000005 /* iosApp.entitlements */ = {isa = PBXFileReference; lastKnownFileType = text.plist.entitlements; path = iosApp.entitlements; sourceTree = "<group>"; };
		B10000000000000000000006 /* PrivacyInfo.xcprivacy */ = {isa = PBXFileReference; lastKnownFileType = text.xml; path = PrivacyInfo.xcprivacy; sourceTree = "<group>"; };
		B10000000000000000000007 /* iosApp.app */ = {isa = PBXFileReference; explicitFileType = wrapper.application; includeInIndex = 0; path = iosApp.app; sourceTree = BUILT_PRODUCTS_DIR; };
		B10000000000000000000010 /* Localizable.strings */ = {isa = PBXFileReference; lastKnownFileType = text.plist.strings; path = Base.lproj/Localizable.strings; sourceTree = "<group>"; };
		B10000000000000000000011 /* Localizable.strings */ = {isa = PBXFileReference; lastKnownFileType = text.plist.strings; path = en.lproj/Localizable.strings; sourceTree = "<group>"; };
		B10000000000000000000012 /* Localizable.strings */ = {isa = PBXFileReference; lastKnownFileType = text.plist.strings; path = zh-Hant.lproj/Localizable.strings; sourceTree = "<group>"; };
		B10000000000000000000013 /* Localizable.strings */ = {isa = PBXFileReference; lastKnownFileType = text.plist.strings; path = ja.lproj/Localizable.strings; sourceTree = "<group>"; };
		B10000000000000000000014 /* Localizable.strings */ = {isa = PBXFileReference; lastKnownFileType = text.plist.strings; path = zh-Hans.lproj/Localizable.strings; sourceTree = "<group>"; };
		B10000000000000000000015 /* Localization.swift */ = {isa = PBXFileReference; lastKnownFileType = sourcecode.swift; path = Localization.swift; sourceTree = "<group>"; };
		B10000000000000000000016 /* NativeComponents.swift */ = {isa = PBXFileReference; lastKnownFileType = sourcecode.swift; path = NativeComponents.swift; sourceTree = "<group>"; };
		B10000000000000000000017 /* NativeSnapshots.swift */ = {isa = PBXFileReference; lastKnownFileType = sourcecode.swift; path = NativeSnapshots.swift; sourceTree = "<group>"; };
		B10000000000000000000018 /* NativeSnapshotExtensions.swift */ = {isa = PBXFileReference; lastKnownFileType = sourcecode.swift; path = NativeSnapshotExtensions.swift; sourceTree = "<group>"; };
		B10000000000000000000019 /* NativeAppModel.swift */ = {isa = PBXFileReference; lastKnownFileType = sourcecode.swift; path = NativeAppModel.swift; sourceTree = "<group>"; };
		B10000000000000000000020 /* NativeDiscoverViews.swift */ = {isa = PBXFileReference; lastKnownFileType = sourcecode.swift; path = NativeDiscoverViews.swift; sourceTree = "<group>"; };
		B10000000000000000000021 /* NativeLibraryViews.swift */ = {isa = PBXFileReference; lastKnownFileType = sourcecode.swift; path = NativeLibraryViews.swift; sourceTree = "<group>"; };
		B10000000000000000000022 /* NativeProfileViews.swift */ = {isa = PBXFileReference; lastKnownFileType = sourcecode.swift; path = NativeProfileViews.swift; sourceTree = "<group>"; };
		B10000000000000000000023 /* NativeAdminViews.swift */ = {isa = PBXFileReference; lastKnownFileType = sourcecode.swift; path = NativeAdminViews.swift; sourceTree = "<group>"; };
		B10000000000000000000024 /* NativeCalendarViews.swift */ = {isa = PBXFileReference; lastKnownFileType = sourcecode.swift; path = NativeCalendarViews.swift; sourceTree = "<group>"; };
		B10000000000000000000025 /* NativeSubjectViews.swift */ = {isa = PBXFileReference; lastKnownFileType = sourcecode.swift; path = NativeSubjectViews.swift; sourceTree = "<group>"; };
		B10000000000000000000026 /* NativeActivityViews.swift */ = {isa = PBXFileReference; lastKnownFileType = sourcecode.swift; path = NativeActivityViews.swift; sourceTree = "<group>"; };
		B10000000000000000000027 /* NativeListViews.swift */ = {isa = PBXFileReference; lastKnownFileType = sourcecode.swift; path = NativeListViews.swift; sourceTree = "<group>"; };
		B10000000000000000000028 /* NativeCommunityViews.swift */ = {isa = PBXFileReference; lastKnownFileType = sourcecode.swift; path = NativeCommunityViews.swift; sourceTree = "<group>"; };
		B10000000000000000000029 /* NativeSettingsViews.swift */ = {isa = PBXFileReference; lastKnownFileType = sourcecode.swift; path = NativeSettingsViews.swift; sourceTree = "<group>"; };
/* End PBXFileReference section */

/* Begin PBXFrameworksBuildPhase section */
		C10000000000000000000001 /* Frameworks */ = {
			isa = PBXFrameworksBuildPhase;
			buildActionMask = 2147483647;
			files = ();
			runOnlyForDeploymentPostprocessing = 0;
		};
/* End PBXFrameworksBuildPhase section */

/* Begin PBXGroup section */
		D10000000000000000000001 = {
			isa = PBXGroup;
			children = (
				D10000000000000000000002 /* iosApp */,
				D10000000000000000000003 /* Products */,
			);
			sourceTree = "<group>";
		};
		D10000000000000000000002 /* iosApp */ = {
			isa = PBXGroup;
			children = (
				B10000000000000000000001 /* AnimeIosApp.swift */,
				B10000000000000000000002 /* ContentView.swift */,
				B10000000000000000000015 /* Localization.swift */,
				D10000000000000000000004 /* Core */,
				D10000000000000000000008 /* Features */,
				B10000000000000000000003 /* Assets.xcassets */,
				B10000000000000000000004 /* Info.plist */,
				B10000000000000000000005 /* iosApp.entitlements */,
				B10000000000000000000006 /* PrivacyInfo.xcprivacy */,
				B10000000000000000000010 /* Localizable.strings */,
				B10000000000000000000011 /* Localizable.strings */,
				B10000000000000000000012 /* Localizable.strings */,
				B10000000000000000000013 /* Localizable.strings */,
				B10000000000000000000014 /* Localizable.strings */,
			);
			path = iosApp;
			sourceTree = "<group>";
		};
		D10000000000000000000004 /* Core */ = {
			isa = PBXGroup;
			children = (
				D10000000000000000000005 /* Components */,
				D10000000000000000000006 /* Models */,
				D10000000000000000000007 /* State */,
			);
			path = Core;
			sourceTree = "<group>";
		};
		D10000000000000000000005 /* Components */ = {
			isa = PBXGroup;
			children = (
				B10000000000000000000016 /* NativeComponents.swift */,
			);
			path = Components;
			sourceTree = "<group>";
		};
		D10000000000000000000006 /* Models */ = {
			isa = PBXGroup;
			children = (
				B10000000000000000000017 /* NativeSnapshots.swift */,
				B10000000000000000000018 /* NativeSnapshotExtensions.swift */,
			);
			path = Models;
			sourceTree = "<group>";
		};
		D10000000000000000000007 /* State */ = {
			isa = PBXGroup;
			children = (
				B10000000000000000000019 /* NativeAppModel.swift */,
			);
			path = State;
			sourceTree = "<group>";
		};
		D10000000000000000000008 /* Features */ = {
			isa = PBXGroup;
			children = (
				D10000000000000000000009 /* Discover */,
				D10000000000000000000010 /* Library */,
				D10000000000000000000011 /* Profile */,
				D10000000000000000000012 /* Admin */,
				D10000000000000000000013 /* Calendar */,
				D10000000000000000000014 /* Subject */,
				D10000000000000000000015 /* Activity */,
				D10000000000000000000016 /* Lists */,
				D10000000000000000000017 /* Community */,
				D10000000000000000000018 /* Settings */,
			);
			path = Features;
			sourceTree = "<group>";
		};
		D10000000000000000000009 /* Discover */ = { isa = PBXGroup; children = (B10000000000000000000020 /* NativeDiscoverViews.swift */, ); path = Discover; sourceTree = "<group>"; };
		D10000000000000000000010 /* Library */ = { isa = PBXGroup; children = (B10000000000000000000021 /* NativeLibraryViews.swift */, ); path = Library; sourceTree = "<group>"; };
		D10000000000000000000011 /* Profile */ = { isa = PBXGroup; children = (B10000000000000000000022 /* NativeProfileViews.swift */, ); path = Profile; sourceTree = "<group>"; };
		D10000000000000000000012 /* Admin */ = { isa = PBXGroup; children = (B10000000000000000000023 /* NativeAdminViews.swift */, ); path = Admin; sourceTree = "<group>"; };
		D10000000000000000000013 /* Calendar */ = { isa = PBXGroup; children = (B10000000000000000000024 /* NativeCalendarViews.swift */, ); path = Calendar; sourceTree = "<group>"; };
		D10000000000000000000014 /* Subject */ = { isa = PBXGroup; children = (B10000000000000000000025 /* NativeSubjectViews.swift */, ); path = Subject; sourceTree = "<group>"; };
		D10000000000000000000015 /* Activity */ = { isa = PBXGroup; children = (B10000000000000000000026 /* NativeActivityViews.swift */, ); path = Activity; sourceTree = "<group>"; };
		D10000000000000000000016 /* Lists */ = { isa = PBXGroup; children = (B10000000000000000000027 /* NativeListViews.swift */, ); path = Lists; sourceTree = "<group>"; };
		D10000000000000000000017 /* Community */ = { isa = PBXGroup; children = (B10000000000000000000028 /* NativeCommunityViews.swift */, ); path = Community; sourceTree = "<group>"; };
		D10000000000000000000018 /* Settings */ = { isa = PBXGroup; children = (B10000000000000000000029 /* NativeSettingsViews.swift */, ); path = Settings; sourceTree = "<group>"; };
		D10000000000000000000003 /* Products */ = {
			isa = PBXGroup;
			children = (
				B10000000000000000000007 /* iosApp.app */,
			);
			name = Products;
			sourceTree = "<group>";
		};
/* End PBXGroup section */

/* Begin PBXNativeTarget section */
		E10000000000000000000001 /* iosApp */ = {
			isa = PBXNativeTarget;
			buildConfigurationList = F10000000000000000000002 /* Build configuration list for PBXNativeTarget "iosApp" */;
			buildPhases = (
				C10000000000000000000004 /* Build AnimeShared */,
				C10000000000000000000002 /* Sources */,
				C10000000000000000000001 /* Frameworks */,
				C10000000000000000000003 /* Resources */,
			);
			buildRules = ();
			dependencies = ();
			name = iosApp;
			productName = iosApp;
			productReference = B10000000000000000000007 /* iosApp.app */;
			productType = "com.apple.product-type.application";
		};
/* End PBXNativeTarget section */

/* Begin PBXProject section */
		E10000000000000000000002 /* Project object */ = {
			isa = PBXProject;
			attributes = {
				BuildIndependentTargetsInParallel = YES;
				LastSwiftUpdateCheck = 1600;
				LastUpgradeCheck = 1600;
				TargetAttributes = {
					E10000000000000000000001 = { CreatedOnToolsVersion = 16.0; };
				};
			};
			buildConfigurationList = F10000000000000000000001 /* Build configuration list for PBXProject "iosApp" */;
			compatibilityVersion = "Xcode 14.0";
			developmentRegion = en;
			hasScannedForEncodings = 0;
			knownRegions = (en, Base, zh-Hans, zh-Hant, ja);
			mainGroup = D10000000000000000000001;
			productRefGroup = D10000000000000000000003 /* Products */;
			projectDirPath = "";
			projectRoot = "";
			targets = (E10000000000000000000001 /* iosApp */);
		};
/* End PBXProject section */

/* Begin PBXResourcesBuildPhase section */
		C10000000000000000000003 /* Resources */ = {
			isa = PBXResourcesBuildPhase;
			buildActionMask = 2147483647;
			files = (
				A10000000000000000000003 /* Assets.xcassets in Resources */,
				A10000000000000000000004 /* PrivacyInfo.xcprivacy in Resources */,
				A10000000000000000000007 /* Localizable.strings in Resources */,
				A10000000000000000000008 /* Localizable.strings in Resources */,
				A10000000000000000000009 /* Localizable.strings in Resources */,
				A10000000000000000000010 /* Localizable.strings in Resources */,
				A10000000000000000000011 /* Localizable.strings in Resources */,
			);
			runOnlyForDeploymentPostprocessing = 0;
		};
/* End PBXResourcesBuildPhase section */

/* Begin PBXShellScriptBuildPhase section */
		C10000000000000000000004 /* Build AnimeShared */ = {
			isa = PBXShellScriptBuildPhase;
			alwaysOutOfDate = 1;
			buildActionMask = 2147483647;
			files = ();
			inputFileListPaths = ();
			name = "Build AnimeShared";
			outputFileListPaths = ();
			runOnlyForDeploymentPostprocessing = 0;
			shellPath = /bin/sh;
			shellScript = "if [ \"YES\" = \"$OVERRIDE_KOTLIN_BUILD_IDE_SUPPORTED\" ]; then\n  exit 0\nfi\ncd \"$SRCROOT/../..\"\n./gradlew :shared:app:embedAndSignAppleFrameworkForXcode\n";
		};
/* End PBXShellScriptBuildPhase section */

/* Begin PBXSourcesBuildPhase section */
		C10000000000000000000002 /* Sources */ = {
			isa = PBXSourcesBuildPhase;
			buildActionMask = 2147483647;
			files = (
				A10000000000000000000001 /* AnimeIosApp.swift in Sources */,
				A10000000000000000000002 /* ContentView.swift in Sources */,
				A10000000000000000000012 /* Localization.swift in Sources */,
				A10000000000000000000013 /* NativeComponents.swift in Sources */,
				A10000000000000000000014 /* NativeSnapshots.swift in Sources */,
				A10000000000000000000015 /* NativeSnapshotExtensions.swift in Sources */,
				A10000000000000000000016 /* NativeAppModel.swift in Sources */,
				A10000000000000000000017 /* NativeDiscoverViews.swift in Sources */,
				A10000000000000000000018 /* NativeLibraryViews.swift in Sources */,
				A10000000000000000000019 /* NativeProfileViews.swift in Sources */,
				A10000000000000000000020 /* NativeAdminViews.swift in Sources */,
				A10000000000000000000021 /* NativeCalendarViews.swift in Sources */,
				A10000000000000000000022 /* NativeSubjectViews.swift in Sources */,
				A10000000000000000000023 /* NativeActivityViews.swift in Sources */,
				A10000000000000000000024 /* NativeListViews.swift in Sources */,
				A10000000000000000000025 /* NativeCommunityViews.swift in Sources */,
				A10000000000000000000026 /* NativeSettingsViews.swift in Sources */,
			);
			runOnlyForDeploymentPostprocessing = 0;
		};
/* End PBXSourcesBuildPhase section */

/* Begin XCBuildConfiguration section */
		F10000000000000000000011 /* Debug */ = {
			isa = XCBuildConfiguration;
			buildSettings = {
				CLANG_ENABLE_MODULES = YES;
				ENABLE_STRICT_OBJC_MSGSEND = YES;
				GCC_C_LANGUAGE_STANDARD = gnu17;
				SWIFT_VERSION = 5.0;
			};
			name = Debug;
		};
		F10000000000000000000012 /* Release */ = {
			isa = XCBuildConfiguration;
			buildSettings = {
				CLANG_ENABLE_MODULES = YES;
				ENABLE_NS_ASSERTIONS = NO;
				GCC_C_LANGUAGE_STANDARD = gnu17;
				SWIFT_COMPILATION_MODE = wholemodule;
				SWIFT_OPTIMIZATION_LEVEL = "-O";
				SWIFT_VERSION = 5.0;
			};
			name = Release;
		};
		F10000000000000000000021 /* Debug */ = {
			isa = XCBuildConfiguration;
			buildSettings = {
				ASSETCATALOG_COMPILER_ACCENT_COLOR_NAME = AccentColor;
				ASSETCATALOG_COMPILER_APPICON_NAME = AppIcon;
				CODE_SIGN_ENTITLEMENTS = iosApp/iosApp.entitlements;
				CODE_SIGN_STYLE = Automatic;
				CURRENT_PROJECT_VERSION = 1;
				DEVELOPMENT_ASSET_PATHS = "";
				ENABLE_PREVIEWS = YES;
				ENABLE_USER_SCRIPT_SANDBOXING = NO;
				FRAMEWORK_SEARCH_PATHS = "$(SRCROOT)/../../shared/app/build/xcode-frameworks/$(CONFIGURATION)/$(SDK_NAME)";
				GENERATE_INFOPLIST_FILE = NO;
				INFOPLIST_FILE = iosApp/Info.plist;
				IPHONEOS_DEPLOYMENT_TARGET = 26.0;
				LD_RUNPATH_SEARCH_PATHS = "$(inherited) @executable_path/Frameworks";
				MARKETING_VERSION = 0.1.0;
				OTHER_LDFLAGS = "$(inherited) -framework AnimeShared -framework UIKit";
				PRODUCT_BUNDLE_IDENTIFIER = site.jokersh.anime;
				PRODUCT_NAME = "$(TARGET_NAME)";
				SUPPORTED_PLATFORMS = "iphoneos iphonesimulator";
				SWIFT_EMIT_LOC_STRINGS = YES;
				SWIFT_VERSION = 5.0;
				TARGETED_DEVICE_FAMILY = "1,2";
			};
			name = Debug;
		};
		F10000000000000000000022 /* Release */ = {
			isa = XCBuildConfiguration;
			buildSettings = {
				ASSETCATALOG_COMPILER_ACCENT_COLOR_NAME = AccentColor;
				ASSETCATALOG_COMPILER_APPICON_NAME = AppIcon;
				CODE_SIGN_ENTITLEMENTS = iosApp/iosApp.entitlements;
				CODE_SIGN_STYLE = Automatic;
				CURRENT_PROJECT_VERSION = 1;
				ENABLE_USER_SCRIPT_SANDBOXING = NO;
				FRAMEWORK_SEARCH_PATHS = "$(SRCROOT)/../../shared/app/build/xcode-frameworks/$(CONFIGURATION)/$(SDK_NAME)";
				GENERATE_INFOPLIST_FILE = NO;
				INFOPLIST_FILE = iosApp/Info.plist;
				IPHONEOS_DEPLOYMENT_TARGET = 26.0;
				LD_RUNPATH_SEARCH_PATHS = "$(inherited) @executable_path/Frameworks";
				MARKETING_VERSION = 0.1.0;
				OTHER_LDFLAGS = "$(inherited) -framework AnimeShared -framework UIKit";
				PRODUCT_BUNDLE_IDENTIFIER = site.jokersh.anime;
				PRODUCT_NAME = "$(TARGET_NAME)";
				SUPPORTED_PLATFORMS = "iphoneos iphonesimulator";
				SWIFT_EMIT_LOC_STRINGS = YES;
				SWIFT_VERSION = 5.0;
				TARGETED_DEVICE_FAMILY = "1,2";
			};
			name = Release;
		};
/* End XCBuildConfiguration section */

/* Begin XCConfigurationList section */
		F10000000000000000000001 /* Build configuration list for PBXProject "iosApp" */ = {
			isa = XCConfigurationList;
			buildConfigurations = (F10000000000000000000011 /* Debug */, F10000000000000000000012 /* Release */);
			defaultConfigurationIsVisible = 0;
			defaultConfigurationName = Release;
		};
		F10000000000000000000002 /* Build configuration list for PBXNativeTarget "iosApp" */ = {
			isa = XCConfigurationList;
			buildConfigurations = (F10000000000000000000021 /* Debug */, F10000000000000000000022 /* Release */);
			defaultConfigurationIsVisible = 0;
			defaultConfigurationName = Release;
		};
/* End XCConfigurationList section */
	};
	rootObject = E10000000000000000000002 /* Project object */;
}
