{
  "name": "anime",
  "version": "0.1.0-SNAPSHOT",
  "lockfileVersion": 3,
  "requires": true,
  "packages": {
    "": {
      "name": "anime",
      "version": "0.1.0-SNAPSHOT",
      "workspaces": [
        "packages/anime-app-web",
        "packages/anime-app-web-test",
        "packages/anime-core-common",
        "packages/anime-core-common-test",
        "packages/anime-core-database",
        "packages/anime-core-database-test",
        "packages/anime-core-designsystem",
        "packages/anime-core-designsystem-test",
        "packages/anime-core-model",
        "packages/anime-core-model-test",
        "packages/anime-core-navigation",
        "packages/anime-core-navigation-test",
        "packages/anime-core-network",
        "packages/anime-core-network-test",
        "packages/anime-core-testing",
        "packages/anime-core-testing-test",
        "packages/anime-data-catalog",
        "packages/anime-data-catalog-test",
        "packages/anime-data-collection",
        "packages/anime-data-collection-test",
        "packages/anime-data-comment",
        "packages/anime-data-comment-test",
        "packages/anime-data-session",
        "packages/anime-data-session-test",
        "packages/anime-data-settings",
        "packages/anime-data-settings-test",
        "packages/anime-feature-activity",
        "packages/anime-feature-activity-test",
        "packages/anime-feature-collection",
        "packages/anime-feature-collection-test",
        "packages/anime-feature-comment",
        "packages/anime-feature-comment-test",
        "packages/anime-feature-community",
        "packages/anime-feature-community-test",
        "packages/anime-feature-diagnostics",
        "packages/anime-feature-diagnostics-test",
        "packages/anime-feature-discover",
        "packages/anime-feature-discover-test",
        "packages/anime-feature-profile",
        "packages/anime-feature-profile-test",
        "packages/anime-feature-search",
        "packages/anime-feature-search-test",
        "packages/anime-feature-settings",
        "packages/anime-feature-settings-test",
        "packages/anime-feature-subject",
        "packages/anime-feature-subject-test",
        "packages/anime-shared-app",
        "packages/anime-shared-app-test",
        "packages/anime-core-vendor-kyantLiquidTabs",
        "packages/anime-core-vendor-kyantLiquidTabs-test",
        "packages_imported/skiko-wasm-js/0.144.6",
        "packages_imported/skiko-js-wasm-runtime/0.144.6",
        "packages_imported/ktor-ktor-client-core/3.5.0",
        "packages_imported/Kotlin-DateTime-library-kotlinx-datetime-wasm-js/0.8.0",
        "packages_imported/coil-root-coil-compose/3.5.0",
        "packages_imported/coil-root-coil-compose-core/3.5.0",
        "packages_imported/coil-root-coil-core/3.5.0",
        "packages_imported/coil-root-coil/3.5.0",
        "packages_imported/coil-root-coil-network-ktor3/3.5.0",
        "packages_imported/coil-root-coil-network-core/3.5.0",
        "packages_imported/ktor-ktor-client-ktor-client-core-wasm-js/3.1.0"
      ],
      "devDependencies": {}
    },
    "node_modules/@js-joda/core": {
      "version": "3.2.0",
      "resolved": "https://registry.npmjs.org/@js-joda/core/-/core-3.2.0.tgz",
      "integrity": "sha512-PMqgJ0sw5B7FKb2d5bWYIoxjri+QlW/Pys7+Rw82jSH0QN3rB05jZ/VrrsUdh1w4+i2kw9JOejXGq/KhDOX7Kg==",
      "license": "BSD-3-Clause"
    },
    "node_modules/anime-app-web": {
      "resolved": "packages/anime-app-web",
      "link": true
    },
    "node_modules/anime-app-web-test": {
      "resolved": "packages/anime-app-web-test",
      "link": true
    },
    "node_modules/anime-core-common": {
      "resolved": "packages/anime-core-common",
      "link": true
    },
    "node_modules/anime-core-common-test": {
      "resolved": "packages/anime-core-common-test",
      "link": true
    },
    "node_modules/anime-core-database": {
      "resolved": "packages/anime-core-database",
      "link": true
    },
    "node_modules/anime-core-database-test": {
      "resolved": "packages/anime-core-database-test",
      "link": true
    },
    "node_modules/anime-core-designsystem": {
      "resolved": "packages/anime-core-designsystem",
      "link": true
    },
    "node_modules/anime-core-designsystem-test": {
      "resolved": "packages/anime-core-designsystem-test",
      "link": true
    },
    "node_modules/anime-core-model": {
      "resolved": "packages/anime-core-model",
      "link": true
    },
    "node_modules/anime-core-model-test": {
      "resolved": "packages/anime-core-model-test",
      "link": true
    },
    "node_modules/anime-core-navigation": {
      "resolved": "packages/anime-core-navigation",
      "link": true
    },
    "node_modules/anime-core-navigation-test": {
      "resolved": "packages/anime-core-navigation-test",
      "link": true
    },
    "node_modules/anime-core-network": {
      "resolved": "packages/anime-core-network",
      "link": true
    },
    "node_modules/anime-core-network-test": {
      "resolved": "packages/anime-core-network-test",
      "link": true
    },
    "node_modules/anime-core-testing": {
      "resolved": "packages/anime-core-testing",
      "link": true
    },
    "node_modules/anime-core-testing-test": {
      "resolved": "packages/anime-core-testing-test",
      "link": true
    },
    "node_modules/anime-core-vendor-kyantLiquidTabs": {
      "resolved": "packages/anime-core-vendor-kyantLiquidTabs",
      "link": true
    },
    "node_modules/anime-core-vendor-kyantLiquidTabs-test": {
      "resolved": "packages/anime-core-vendor-kyantLiquidTabs-test",
      "link": true
    },
    "node_modules/anime-data-catalog": {
      "resolved": "packages/anime-data-catalog",
      "link": true
    },
    "node_modules/anime-data-catalog-test": {
      "resolved": "packages/anime-data-catalog-test",
      "link": true
    },
    "node_modules/anime-data-collection": {
      "resolved": "packages/anime-data-collection",
      "link": true
    },
    "node_modules/anime-data-collection-test": {
      "resolved": "packages/anime-data-collection-test",
      "link": true
    },
    "node_modules/anime-data-comment": {
      "resolved": "packages/anime-data-comment",
      "link": true
    },
    "node_modules/anime-data-comment-test": {
      "resolved": "packages/anime-data-comment-test",
      "link": true
    },
    "node_modules/anime-data-session": {
      "resolved": "packages/anime-data-session",
      "link": true
    },
    "node_modules/anime-data-session-test": {
      "resolved": "packages/anime-data-session-test",
      "link": true
    },
    "node_modules/anime-data-settings": {
      "resolved": "packages/anime-data-settings",
      "link": true
    },
    "node_modules/anime-data-settings-test": {
      "resolved": "packages/anime-data-settings-test",
      "link": true
    },
    "node_modules/anime-feature-activity": {
      "resolved": "packages/anime-feature-activity",
      "link": true
    },
    "node_modules/anime-feature-activity-test": {
      "resolved": "packages/anime-feature-activity-test",
      "link": true
    },
    "node_modules/anime-feature-collection": {
      "resolved": "packages/anime-feature-collection",
      "link": true
    },
    "node_modules/anime-feature-collection-test": {
      "resolved": "packages/anime-feature-collection-test",
      "link": true
    },
    "node_modules/anime-feature-comment": {
      "resolved": "packages/anime-feature-comment",
      "link": true
    },
    "node_modules/anime-feature-comment-test": {
      "resolved": "packages/anime-feature-comment-test",
      "link": true
    },
    "node_modules/anime-feature-community": {
      "resolved": "packages/anime-feature-community",
      "link": true
    },
    "node_modules/anime-feature-community-test": {
      "resolved": "packages/anime-feature-community-test",
      "link": true
    },
    "node_modules/anime-feature-diagnostics": {
      "resolved": "packages/anime-feature-diagnostics",
      "link": true
    },
    "node_modules/anime-feature-diagnostics-test": {
      "resolved": "packages/anime-feature-diagnostics-test",
      "link": true
    },
    "node_modules/anime-feature-discover": {
      "resolved": "packages/anime-feature-discover",
      "link": true
    },
    "node_modules/anime-feature-discover-test": {
      "resolved": "packages/anime-feature-discover-test",
      "link": true
    },
    "node_modules/anime-feature-profile": {
      "resolved": "packages/anime-feature-profile",
      "link": true
    },
    "node_modules/anime-feature-profile-test": {
      "resolved": "packages/anime-feature-profile-test",
      "link": true
    },
    "node_modules/anime-feature-search": {
      "resolved": "packages/anime-feature-search",
      "link": true
    },
    "node_modules/anime-feature-search-test": {
      "resolved": "packages/anime-feature-search-test",
      "link": true
    },
    "node_modules/anime-feature-settings": {
      "resolved": "packages/anime-feature-settings",
      "link": true
    },
    "node_modules/anime-feature-settings-test": {
      "resolved": "packages/anime-feature-settings-test",
      "link": true
    },
    "node_modules/anime-feature-subject": {
      "resolved": "packages/anime-feature-subject",
      "link": true
    },
    "node_modules/anime-feature-subject-test": {
      "resolved": "packages/anime-feature-subject-test",
      "link": true
    },
    "node_modules/anime-shared-app": {
      "resolved": "packages/anime-shared-app",
      "link": true
    },
    "node_modules/anime-shared-app-test": {
      "resolved": "packages/anime-shared-app-test",
      "link": true
    },
    "node_modules/coil-root-coil": {
      "resolved": "packages_imported/coil-root-coil/3.5.0",
      "link": true
    },
    "node_modules/coil-root-coil-compose": {
      "resolved": "packages_imported/coil-root-coil-compose/3.5.0",
      "link": true
    },
    "node_modules/coil-root-coil-compose-core": {
      "resolved": "packages_imported/coil-root-coil-compose-core/3.5.0",
      "link": true
    },
    "node_modules/coil-root-coil-core": {
      "resolved": "packages_imported/coil-root-coil-core/3.5.0",
      "link": true
    },
    "node_modules/coil-root-coil-network-core": {
      "resolved": "packages_imported/coil-root-coil-network-core/3.5.0",
      "link": true
    },
    "node_modules/coil-root-coil-network-ktor3": {
      "resolved": "packages_imported/coil-root-coil-network-ktor3/3.5.0",
      "link": true
    },
    "node_modules/Kotlin-DateTime-library-kotlinx-datetime-wasm-js": {
      "resolved": "packages_imported/Kotlin-DateTime-library-kotlinx-datetime-wasm-js/0.8.0",
      "link": true
    },
    "node_modules/ktor-ktor-client-core": {
      "resolved": "packages_imported/ktor-ktor-client-core/3.5.0",
      "link": true
    },
    "node_modules/ktor-ktor-client-ktor-client-core-wasm-js": {
      "resolved": "packages_imported/ktor-ktor-client-ktor-client-core-wasm-js/3.1.0",
      "link": true
    },
    "node_modules/skiko-js-wasm-runtime": {
      "resolved": "packages_imported/skiko-js-wasm-runtime/0.144.6",
      "link": true
    },
    "node_modules/skiko-wasm-js": {
      "resolved": "packages_imported/skiko-wasm-js/0.144.6",
      "link": true
    },
    "node_modules/ws": {
      "version": "8.18.3",
      "resolved": "https://registry.npmjs.org/ws/-/ws-8.18.3.tgz",
      "integrity": "sha512-PEIGCY5tSlUt50cqyMXfCzX+oOPqN0vuGqWzbcJ2xvnkzkq46oOpz7dQaTDBdfICb4N14+GARUDw2XV2N4tvzg==",
      "license": "MIT",
      "engines": {
        "node": ">=10.0.0"
      },
      "peerDependencies": {
        "bufferutil": "^4.0.1",
        "utf-8-validate": ">=5.0.2"
      },
      "peerDependenciesMeta": {
        "bufferutil": {
          "optional": true
        },
        "utf-8-validate": {
          "optional": true
        }
      }
    },
    "packages_imported/coil-root-coil-compose-core/3.5.0": {
      "name": "coil-root-coil-compose-core",
      "version": "3.5.0",
      "devDependencies": {}
    },
    "packages_imported/coil-root-coil-compose/3.5.0": {
      "name": "coil-root-coil-compose",
      "version": "3.5.0",
      "devDependencies": {}
    },
    "packages_imported/coil-root-coil-core/3.5.0": {
      "name": "coil-root-coil-core",
      "version": "3.5.0",
      "devDependencies": {}
    },
    "packages_imported/coil-root-coil-network-core/3.5.0": {
      "name": "coil-root-coil-network-core",
      "version": "3.5.0",
      "devDependencies": {}
    },
    "packages_imported/coil-root-coil-network-ktor3/3.5.0": {
      "name": "coil-root-coil-network-ktor3",
      "version": "3.5.0",
      "dependencies": {
        "ws": "8.18.0"
      },
      "devDependencies": {}
    },
    "packages_imported/coil-root-coil-network-ktor3/3.5.0/node_modules/ws": {
      "version": "8.18.0",
      "resolved": "https://registry.npmjs.org/ws/-/ws-8.18.0.tgz",
      "integrity": "sha512-8VbfWfHLbbwu3+N6OKsOMpBdT4kXPDDB9cJk2bJ6mh9ucxdlnNvH1e+roYkKmN9Nxw2yjz7VzeO9oOz2zJ04Pw==",
      "license": "MIT",
      "engines": {
        "node": ">=10.0.0"
      },
      "peerDependencies": {
        "bufferutil": "^4.0.1",
        "utf-8-validate": ">=5.0.2"
      },
      "peerDependenciesMeta": {
        "bufferutil": {
          "optional": true
        },
        "utf-8-validate": {
          "optional": true
        }
      }
    },
    "packages_imported/coil-root-coil/3.5.0": {
      "name": "coil-root-coil",
      "version": "3.5.0",
      "devDependencies": {}
    },
    "packages_imported/Kotlin-DateTime-library-kotlinx-datetime-wasm-js/0.8.0": {
      "name": "Kotlin-DateTime-library-kotlinx-datetime-wasm-js",
      "version": "0.8.0",
      "dependencies": {
        "@js-joda/core": "3.2.0"
      },
      "devDependencies": {}
    },
    "packages_imported/ktor-ktor-client-core/3.5.0": {
      "name": "ktor-ktor-client-core",
      "version": "3.5.0",
      "dependencies": {
        "ws": "8.18.3"
      },
      "devDependencies": {}
    },
    "packages_imported/ktor-ktor-client-ktor-client-core-wasm-js/3.1.0": {
      "name": "ktor-ktor-client-ktor-client-core-wasm-js",
      "version": "3.1.0",
      "dependencies": {
        "ws": "8.18.0"
      },
      "devDependencies": {}
    },
    "packages_imported/ktor-ktor-client-ktor-client-core-wasm-js/3.1.0/node_modules/ws": {
      "version": "8.18.0",
      "resolved": "https://registry.npmjs.org/ws/-/ws-8.18.0.tgz",
      "integrity": "sha512-8VbfWfHLbbwu3+N6OKsOMpBdT4kXPDDB9cJk2bJ6mh9ucxdlnNvH1e+roYkKmN9Nxw2yjz7VzeO9oOz2zJ04Pw==",
      "license": "MIT",
      "engines": {
        "node": ">=10.0.0"
      },
      "peerDependencies": {
        "bufferutil": "^4.0.1",
        "utf-8-validate": ">=5.0.2"
      },
      "peerDependenciesMeta": {
        "bufferutil": {
          "optional": true
        },
        "utf-8-validate": {
          "optional": true
        }
      }
    },
    "packages_imported/skiko-js-wasm-runtime/0.144.6": {
      "name": "skiko-js-wasm-runtime",
      "version": "0.144.6",
      "devDependencies": {}
    },
    "packages_imported/skiko-wasm-js/0.144.6": {
      "name": "skiko-wasm-js",
      "version": "0.144.6",
      "devDependencies": {}
    },
    "packages/anime-app-web": {
      "version": "0.0.0-unspecified",
      "dependencies": {
        "@js-joda/core": "3.2.0",
        "ws": "8.18.3"
      },
      "devDependencies": {}
    },
    "packages/anime-app-web-test": {
      "version": "0.0.0-unspecified",
      "dependencies": {
        "@js-joda/core": "3.2.0",
        "ws": "8.18.3"
      },
      "devDependencies": {}
    },
    "packages/anime-core-common": {
      "version": "0.0.0-unspecified",
      "dependencies": {
        "@js-joda/core": "3.2.0"
      },
      "devDependencies": {}
    },
    "packages/anime-core-common-test": {
      "version": "0.0.0-unspecified",
      "dependencies": {
        "@js-joda/core": "3.2.0"
      },
      "devDependencies": {}
    },
    "packages/anime-core-database": {
      "version": "0.0.0-unspecified",
      "dependencies": {
        "@js-joda/core": "3.2.0"
      },
      "devDependencies": {}
    },
    "packages/anime-core-database-test": {
      "version": "0.0.0-unspecified",
      "dependencies": {
        "@js-joda/core": "3.2.0"
      },
      "devDependencies": {}
    },
    "packages/anime-core-designsystem": {
      "version": "0.0.0-unspecified",
      "dependencies": {
        "@js-joda/core": "3.2.0"
      },
      "devDependencies": {}
    },
    "packages/anime-core-designsystem-test": {
      "version": "0.0.0-unspecified",
      "dependencies": {
        "@js-joda/core": "3.2.0"
      },
      "devDependencies": {}
    },
    "packages/anime-core-model": {
      "version": "0.0.0-unspecified",
      "dependencies": {
        "@js-joda/core": "3.2.0"
      },
      "devDependencies": {}
    },
    "packages/anime-core-model-test": {
      "version": "0.0.0-unspecified",
      "dependencies": {
        "@js-joda/core": "3.2.0"
      },
      "devDependencies": {}
    },
    "packages/anime-core-navigation": {
      "version": "0.0.0-unspecified",
      "dependencies": {
        "@js-joda/core": "3.2.0"
      },
      "devDependencies": {}
    },
    "packages/anime-core-navigation-test": {
      "version": "0.0.0-unspecified",
      "dependencies": {
        "@js-joda/core": "3.2.0"
      },
      "devDependencies": {}
    },
    "packages/anime-core-network": {
      "version": "0.0.0-unspecified",
      "dependencies": {
        "@js-joda/core": "3.2.0",
        "ws": "8.18.3"
      },
      "devDependencies": {}
    },
    "packages/anime-core-network-test": {
      "version": "0.0.0-unspecified",
      "dependencies": {
        "@js-joda/core": "3.2.0",
        "ws": "8.18.3"
      },
      "devDependencies": {}
    },
    "packages/anime-core-testing": {
      "version": "0.0.0-unspecified",
      "dependencies": {
        "@js-joda/core": "3.2.0"
      },
      "devDependencies": {}
    },
    "packages/anime-core-testing-test": {
      "version": "0.0.0-unspecified",
      "dependencies": {
        "@js-joda/core": "3.2.0"
      },
      "devDependencies": {}
    },
    "packages/anime-core-vendor-kyantLiquidTabs": {
      "version": "0.0.0-unspecified",
      "devDependencies": {}
    },
    "packages/anime-core-vendor-kyantLiquidTabs-test": {
      "version": "0.0.0-unspecified",
      "devDependencies": {}
    },
    "packages/anime-data-catalog": {
      "version": "0.0.0-unspecified",
      "dependencies": {
        "@js-joda/core": "3.2.0",
        "ws": "8.18.3"
      },
      "devDependencies": {}
    },
    "packages/anime-data-catalog-test": {
      "version": "0.0.0-unspecified",
      "dependencies": {
        "@js-joda/core": "3.2.0",
        "ws": "8.18.3"
      },
      "devDependencies": {}
    },
    "packages/anime-data-collection": {
      "version": "0.0.0-unspecified",
      "dependencies": {
        "@js-joda/core": "3.2.0",
        "ws": "8.18.3"
      },
      "devDependencies": {}
    },
    "packages/anime-data-collection-test": {
      "version": "0.0.0-unspecified",
      "dependencies": {
        "@js-joda/core": "3.2.0",
        "ws": "8.18.3"
      },
      "devDependencies": {}
    },
    "packages/anime-data-comment": {
      "version": "0.0.0-unspecified",
      "dependencies": {
        "@js-joda/core": "3.2.0",
        "ws": "8.18.3"
      },
      "devDependencies": {}
    },
    "packages/anime-data-comment-test": {
      "version": "0.0.0-unspecified",
      "dependencies": {
        "@js-joda/core": "3.2.0",
        "ws": "8.18.3"
      },
      "devDependencies": {}
    },
    "packages/anime-data-session": {
      "version": "0.0.0-unspecified",
      "dependencies": {
        "@js-joda/core": "3.2.0",
        "ws": "8.18.3"
      },
      "devDependencies": {}
    },
    "packages/anime-data-session-test": {
      "version": "0.0.0-unspecified",
      "dependencies": {
        "@js-joda/core": "3.2.0",
        "ws": "8.18.3"
      },
      "devDependencies": {}
    },
    "packages/anime-data-settings": {
      "version": "0.0.0-unspecified",
      "dependencies": {
        "@js-joda/core": "3.2.0"
      },
      "devDependencies": {}
    },
    "packages/anime-data-settings-test": {
      "version": "0.0.0-unspecified",
      "dependencies": {
        "@js-joda/core": "3.2.0"
      },
      "devDependencies": {}
    },
    "packages/anime-feature-activity": {
      "version": "0.0.0-unspecified",
      "dependencies": {
        "@js-joda/core": "3.2.0",
        "ws": "8.18.3"
      },
      "devDependencies": {}
    },
    "packages/anime-feature-activity-test": {
      "version": "0.0.0-unspecified",
      "dependencies": {
        "@js-joda/core": "3.2.0",
        "ws": "8.18.3"
      },
      "devDependencies": {}
    },
    "packages/anime-feature-collection": {
      "version": "0.0.0-unspecified",
      "dependencies": {
        "@js-joda/core": "3.2.0",
        "ws": "8.18.3"
      },
      "devDependencies": {}
    },
    "packages/anime-feature-collection-test": {
      "version": "0.0.0-unspecified",
      "dependencies": {
        "@js-joda/core": "3.2.0",
        "ws": "8.18.3"
      },
      "devDependencies": {}
    },
    "packages/anime-feature-comment": {
      "version": "0.0.0-unspecified",
      "dependencies": {
        "@js-joda/core": "3.2.0",
        "ws": "8.18.3"
      },
      "devDependencies": {}
    },
    "packages/anime-feature-comment-test": {
      "version": "0.0.0-unspecified",
      "dependencies": {
        "@js-joda/core": "3.2.0",
        "ws": "8.18.3"
      },
      "devDependencies": {}
    },
    "packages/anime-feature-community": {
      "version": "0.0.0-unspecified",
      "dependencies": {
        "@js-joda/core": "3.2.0",
        "ws": "8.18.3"
      },
      "devDependencies": {}
    },
    "packages/anime-feature-community-test": {
      "version": "0.0.0-unspecified",
      "dependencies": {
        "@js-joda/core": "3.2.0",
        "ws": "8.18.3"
      },
      "devDependencies": {}
    },
    "packages/anime-feature-diagnostics": {
      "version": "0.0.0-unspecified",
      "dependencies": {
        "@js-joda/core": "3.2.0"
      },
      "devDependencies": {}
    },
    "packages/anime-feature-diagnostics-test": {
      "version": "0.0.0-unspecified",
      "dependencies": {
        "@js-joda/core": "3.2.0"
      },
      "devDependencies": {}
    },
    "packages/anime-feature-discover": {
      "version": "0.0.0-unspecified",
      "dependencies": {
        "@js-joda/core": "3.2.0",
        "ws": "8.18.3"
      },
      "devDependencies": {}
    },
    "packages/anime-feature-discover-test": {
      "version": "0.0.0-unspecified",
      "dependencies": {
        "@js-joda/core": "3.2.0",
        "ws": "8.18.3"
      },
      "devDependencies": {}
    },
    "packages/anime-feature-profile": {
      "version": "0.0.0-unspecified",
      "dependencies": {
        "@js-joda/core": "3.2.0",
        "ws": "8.18.3"
      },
      "devDependencies": {}
    },
    "packages/anime-feature-profile-test": {
      "version": "0.0.0-unspecified",
      "dependencies": {
        "@js-joda/core": "3.2.0",
        "ws": "8.18.3"
      },
      "devDependencies": {}
    },
    "packages/anime-feature-search": {
      "version": "0.0.0-unspecified",
      "dependencies": {
        "@js-joda/core": "3.2.0",
        "ws": "8.18.3"
      },
      "devDependencies": {}
    },
    "packages/anime-feature-search-test": {
      "version": "0.0.0-unspecified",
      "dependencies": {
        "@js-joda/core": "3.2.0",
        "ws": "8.18.3"
      },
      "devDependencies": {}
    },
    "packages/anime-feature-settings": {
      "version": "0.0.0-unspecified",
      "dependencies": {
        "@js-joda/core": "3.2.0"
      },
      "devDependencies": {}
    },
    "packages/anime-feature-settings-test": {
      "version": "0.0.0-unspecified",
      "dependencies": {
        "@js-joda/core": "3.2.0"
      },
      "devDependencies": {}
    },
    "packages/anime-feature-subject": {
      "version": "0.0.0-unspecified",
      "dependencies": {
        "@js-joda/core": "3.2.0",
        "ws": "8.18.3"
      },
      "devDependencies": {}
    },
    "packages/anime-feature-subject-test": {
      "version": "0.0.0-unspecified",
      "dependencies": {
        "@js-joda/core": "3.2.0",
        "ws": "8.18.3"
      },
      "devDependencies": {}
    },
    "packages/anime-shared-app": {
      "version": "0.0.0-unspecified",
      "dependencies": {
        "@js-joda/core": "3.2.0",
        "ws": "8.18.3"
      },
      "devDependencies": {}
    },
    "packages/anime-shared-app-test": {
      "version": "0.0.0-unspecified",
      "dependencies": {
        "@js-joda/core": "3.2.0",
        "ws": "8.18.3"
      },
      "devDependencies": {}
    }
  }
}
